
Microsoft Visual Studio Solution File, Format Version 12.00
# Visual Studio Version 17
VisualStudioVersion = 17.14.36930.0
MinimumVisualStudioVersion = 10.0.40219.1
Project("{FAE04EC0-301F-11D3-BF4B-00C04F79EFBC}") = "AnalizadorSintactico", "AnalizadorSintactico.csproj", "{765D7FDF-E190-41A4-8F99-69A50E5EE84F}"
EndProject
Global
	GlobalSection(SolutionConfigurationPlatforms) = preSolution
		Debug|Any CPU = Debug|Any CPU
		Release|Any CPU = Release|Any CPU
	EndGlobalSection
	GlobalSection(ProjectConfigurationPlatforms) = postSolution
		{765D7FDF-E190-41A4-8F99-69A50E5EE84F}.Debug|Any CPU.ActiveCfg = Debug|Any CPU
		{765D7FDF-E190-41A4-8F99-69A50E5EE84F}.Debug|Any CPU.Build.0 = Debug|Any CPU
		{765D7FDF-E190-41A4-8F99-69A50E5EE84F}.Release|Any CPU.ActiveCfg = Release|Any CPU
		{765D7FDF-E190-41A4-8F99-69A50E5EE84F}.Release|Any CPU.Build.0 = Release|Any CPU
	EndGlobalSection
	GlobalSection(SolutionProperties) = preSolution
		HideSolutionNode = FALSE
	EndGlobalSection
	GlobalSection(ExtensibilityGlobals) = postSolution
		SolutionGuid = {D20D6DC5-B6A1-4E4E-B8BB-0E6089601B29}
	EndGlobalSection
EndGlobal
